<Solution>
  <Folder Name="/Legacy/">
    <Project Path="Api/Api.csproj" />
    <Project Path="Contracts/Contracts.csproj" />
  </Folder>
  <Folder Name="/BuildingBlocks/">
    <Project Path="src/BuildingBlocks/BuildingBlocks.Common/BuildingBlocks.Common.csproj" />
    <Project Path="src/BuildingBlocks/BuildingBlocks.Persistence/BuildingBlocks.Persistence.csproj" />
    <Project Path="src/BuildingBlocks/BuildingBlocks.Messaging/BuildingBlocks.Messaging.csproj" />
  </Folder>
  <Folder Name="/Host/">
    <Project Path="src/Host/ApiGateway/ApiGateway.csproj" />
    <Project Path="src/Host/Logan.AppHost/Logan.AppHost.csproj" />
  </Folder>
  <Folder Name="/Services/Ordering/">
    <Project Path="src/Services/Ordering/Ordering.Contracts/Ordering.Contracts.csproj" />
    <Project Path="src/Services/Ordering/Ordering.Api/Ordering.Api.csproj" />
  </Folder>
  <Folder Name="/Services/Inventory/">
    <Project Path="src/Services/Inventory/Inventory.Contracts/Inventory.Contracts.csproj" />
    <Project Path="src/Services/Inventory/Inventory.Api/Inventory.Api.csproj" />
  </Folder>
  <Folder Name="/Services/Payment/">
    <Project Path="src/Services/Payment/Payment.Contracts/Payment.Contracts.csproj" />
    <Project Path="src/Services/Payment/Payment.Api/Payment.Api.csproj" />
  </Folder>
  <Folder Name="/Services/Shipping/">
    <Project Path="src/Services/Shipping/Shipping.Contracts/Shipping.Contracts.csproj" />
    <Project Path="src/Services/Shipping/Shipping.Api/Shipping.Api.csproj" />
  </Folder>
</Solution>
